// !$*UTF8*$!
{
	archiveVersion = 1;
	classes = {
	};
	objectVersion = 46;
	objects = {

/* Begin PBXBuildFile section */
		6E0D4FB51C4999BD005C64E7 /* PHPFrameworkStringFunctions.swift in Sources */ = {isa = PBXBuildFile; fileRef = 6E0D4FB41C4999BD005C64E7 /* PHPFrameworkStringFunctions.swift */; };
		6E0D4FB71C499E88005C64E7 /* PHPFrameworkPHPBase.swift in Sources */ = {isa = PBXBuildFile; fileRef = 6E0D4FB61C499E88005C64E7 /* PHPFrameworkPHPBase.swift */; };
		6E0D4FB91C49A3B5005C64E7 /* PHPFrameworkCredits.swift in Sources */ = {isa = PBXBuildFile; fileRef = 6E0D4FB81C49A3B5005C64E7 /* PHPFrameworkCredits.swift */; };
		6E30563F1C5563AF002E1115 /* PHPFrameworkDateTime.swift in Sources */ = {isa = PBXBuildFile; fileRef = 6E30563E1C5563AF002E1115 /* PHPFrameworkDateTime.swift */; };
		6E3056421C556514002E1115 /* PHPFrameworkDirectory.swift in Sources */ = {isa = PBXBuildFile; fileRef = 6E3056411C556514002E1115 /* PHPFrameworkDirectory.swift */; };
		6E3056451C556640002E1115 /* PHPFrameworkFileSystem.swift in Sources */ = {isa = PBXBuildFile; fileRef = 6E3056441C556640002E1115 /* PHPFrameworkFileSystem.swift */; };
		6E3469161C517257000A526B /* crc32.swift in Sources */ = {isa = PBXBuildFile; fileRef = 6E3469151C517257000A526B /* crc32.swift */; };
		6E3469171C517257000A526B /* crc32.swift in Sources */ = {isa = PBXBuildFile; fileRef = 6E3469151C517257000A526B /* crc32.swift */; };
		6E3469191C518081000A526B /* PHPFrameworkArrayFunctions.swift in Sources */ = {isa = PBXBuildFile; fileRef = 6E3469181C518081000A526B /* PHPFrameworkArrayFunctions.swift */; };
		6E34691C1C5182FE000A526B /* PHPFrameworkVariableFunctions.swift in Sources */ = {isa = PBXBuildFile; fileRef = 6E34691B1C5182FE000A526B /* PHPFrameworkVariableFunctions.swift */; };
		6E3FF2491C837A7F00623778 /* md5.swift in Sources */ = {isa = PBXBuildFile; fileRef = 6E3FF2481C837A7F00623778 /* md5.swift */; };
		6E413B901C4C27BC003C7951 /* PHPFrameworkPHPConstants.swift in Sources */ = {isa = PBXBuildFile; fileRef = 6E413B8F1C4C27BC003C7951 /* PHPFrameworkPHPConstants.swift */; };
		6E41BD5C1C6F84D40092075A /* PHPFrameworkCreditsTests.swift in Sources */ = {isa = PBXBuildFile; fileRef = 6E41BD5B1C6F84D40092075A /* PHPFrameworkCreditsTests.swift */; };
		6E41BD5F1C6F870D0092075A /* PHPFrameworkDirectoryTests.swift in Sources */ = {isa = PBXBuildFile; fileRef = 6E41BD5D1C6F870D0092075A /* PHPFrameworkDirectoryTests.swift */; };
		6E41BD611C6F88BE0092075A /* PHPFrameworkPHPBaseTests.swift in Sources */ = {isa = PBXBuildFile; fileRef = 6E41BD601C6F88BE0092075A /* PHPFrameworkPHPBaseTests.swift */; };
		6E41BD631C6F966A0092075A /* PHPFrameworkStringFunctionsTests.swift in Sources */ = {isa = PBXBuildFile; fileRef = 6E41BD621C6F966A0092075A /* PHPFrameworkStringFunctionsTests.swift */; };
		6E5BD2BB1C84C83700EA55AF /* PHPFrameworkSwiftIntExtensions.swift in Sources */ = {isa = PBXBuildFile; fileRef = 6E5BD2BA1C84C83700EA55AF /* PHPFrameworkSwiftIntExtensions.swift */; };
		6E611B151C4EE6A00053CAFF /* phpswift.png in Resources */ = {isa = PBXBuildFile; fileRef = 6E611B141C4EE6A00053CAFF /* phpswift.png */; };
		6E611B161C4EE6A00053CAFF /* phpswift.png in Resources */ = {isa = PBXBuildFile; fileRef = 6E611B141C4EE6A00053CAFF /* phpswift.png */; };
		6E611B181C4EE8810053CAFF /* PHPFrameworkPHPConstantsDictionary.swift in Sources */ = {isa = PBXBuildFile; fileRef = 6E611B171C4EE8810053CAFF /* PHPFrameworkPHPConstantsDictionary.swift */; };
		6E7DE6811C498A6B002574EA /* PHPFramework.h in Headers */ = {isa = PBXBuildFile; fileRef = 6E7DE6801C498A6B002574EA /* PHPFramework.h */; settings = {ATTRIBUTES = (Public, ); }; };
		6E7DE6881C498A6B002574EA /* PHPFramework.framework in Frameworks */ = {isa = PBXBuildFile; fileRef = 6E7DE67D1C498A6B002574EA /* PHPFramework.framework */; };
		6E7DE68D1C498A6B002574EA /* PHPFrameworkTests.swift in Sources */ = {isa = PBXBuildFile; fileRef = 6E7DE68C1C498A6B002574EA /* PHPFrameworkTests.swift */; };
		6E7DE6981C498A7A002574EA /* PHPFramework.swift in Sources */ = {isa = PBXBuildFile; fileRef = 6E7DE6971C498A7A002574EA /* PHPFramework.swift */; };
		6E91AD6F1C9E0CA7006BF544 /* SHA1.swift in Sources */ = {isa = PBXBuildFile; fileRef = 6E91AD6E1C9E0CA7006BF544 /* SHA1.swift */; };
		6E9B752A1C76467B0013200F /* ROT13.swift in Sources */ = {isa = PBXBuildFile; fileRef = 6E9B75291C76467B0013200F /* ROT13.swift */; };
		6E9B75381C764DD80013200F /* PHPFrameworkSwiftArrayExtensions.swift in Sources */ = {isa = PBXBuildFile; fileRef = 6E9B75371C764DD80013200F /* PHPFrameworkSwiftArrayExtensions.swift */; };
		6E9B75391C764DD80013200F /* PHPFrameworkSwiftArrayExtensions.swift in Sources */ = {isa = PBXBuildFile; fileRef = 6E9B75371C764DD80013200F /* PHPFrameworkSwiftArrayExtensions.swift */; };
		6EC81D781C870BC100FA57D5 /* uucoding.swift in Sources */ = {isa = PBXBuildFile; fileRef = 6EC81D771C870BC100FA57D5 /* uucoding.swift */; };
		6EC81D7F1C87100900FA57D5 /* SwiftGetHumanType.swift in Sources */ = {isa = PBXBuildFile; fileRef = 6EC81D7E1C87100900FA57D5 /* SwiftGetHumanType.swift */; };
		6EC81D801C87100900FA57D5 /* SwiftGetHumanType.swift in Sources */ = {isa = PBXBuildFile; fileRef = 6EC81D7E1C87100900FA57D5 /* SwiftGetHumanType.swift */; };
		6EC81D831C87126800FA57D5 /* File.swift in Sources */ = {isa = PBXBuildFile; fileRef = 6EC81D821C87126800FA57D5 /* File.swift */; };
		6EDC23DA1C7CFC34005977FE /* PHPFrameworkFileSystem.swift in Sources */ = {isa = PBXBuildFile; fileRef = 6EDC23D91C7CFC34005977FE /* PHPFrameworkFileSystem.swift */; };
		6EE823C21C4C2AF2003F7361 /* PHPFrameworkSwiftStringExtensions.swift in Sources */ = {isa = PBXBuildFile; fileRef = 6EE823C11C4C2AF2003F7361 /* PHPFrameworkSwiftStringExtensions.swift */; };
		6EE8F8621C73C9A300DD357A /* levenshtein.swift in Sources */ = {isa = PBXBuildFile; fileRef = 6EE8F8611C73C9A300DD357A /* levenshtein.swift */; };
/* End PBXBuildFile section */

/* Begin PBXContainerItemProxy section */
		6E7DE6891C498A6B002574EA /* PBXContainerItemProxy */ = {
			isa = PBXContainerItemProxy;
			containerPortal = 6E7DE6741C498A6B002574EA /* Project object */;
			proxyType = 1;
			remoteGlobalIDString = 6E7DE67C1C498A6B002574EA;
			remoteInfo = PHPFramework;
		};
/* End PBXContainerItemProxy section */

/* Begin PBXFileReference section */
		6E0D4FB41C4999BD005C64E7 /* PHPFrameworkStringFunctions.swift */ = {isa = PBXFileReference; fileEncoding = 4; lastKnownFileType = sourcecode.swift; name = PHPFrameworkStringFunctions.swift; path = PHPFramework/PHPFrameworkStringFunctions.swift; sourceTree = "<group>"; };
		6E0D4FB61C499E88005C64E7 /* PHPFrameworkPHPBase.swift */ = {isa = PBXFileReference; fileEncoding = 4; lastKnownFileType = sourcecode.swift; name = PHPFrameworkPHPBase.swift; path = PHPFramework/PHPFrameworkPHPBase.swift; sourceTree = "<group>"; };
		6E0D4FB81C49A3B5005C64E7 /* PHPFrameworkCredits.swift */ = {isa = PBXFileReference; fileEncoding = 4; lastKnownFileType = sourcecode.swift; name = PHPFrameworkCredits.swift; path = PHPFramework/PHPFrameworkCredits.swift; sourceTree = "<group>"; };
		6E30563E1C5563AF002E1115 /* PHPFrameworkDateTime.swift */ = {isa = PBXFileReference; fileEncoding = 4; lastKnownFileType = sourcecode.swift; name = PHPFrameworkDateTime.swift; path = PHPFramework/PHPFrameworkDateTime.swift; sourceTree = "<group>"; };
		6E3056411C556514002E1115 /* PHPFrameworkDirectory.swift */ = {isa = PBXFileReference; fileEncoding = 4; lastKnownFileType = sourcecode.swift; name = PHPFrameworkDirectory.swift; path = PHPFramework/PHPFrameworkDirectory.swift; sourceTree = "<group>"; };
		6E3056441C556640002E1115 /* PHPFrameworkFileSystem.swift */ = {isa = PBXFileReference; fileEncoding = 4; lastKnownFileType = sourcecode.swift; name = PHPFrameworkFileSystem.swift; path = PHPFramework/PHPFrameworkFileSystem.swift; sourceTree = "<group>"; };
		6E3469151C517257000A526B /* crc32.swift */ = {isa = PBXFileReference; fileEncoding = 4; lastKnownFileType = sourcecode.swift; name = crc32.swift; path = PHPFramework/Specials/crc32.swift; sourceTree = "<group>"; };
		6E3469181C518081000A526B /* PHPFrameworkArrayFunctions.swift */ = {isa = PBXFileReference; fileEncoding = 4; lastKnownFileType = sourcecode.swift; name = PHPFrameworkArrayFunctions.swift; path = PHPFramework/PHPFrameworkArrayFunctions.swift; sourceTree = "<group>"; };
		6E34691B1C5182FE000A526B /* PHPFrameworkVariableFunctions.swift */ = {isa = PBXFileReference; fileEncoding = 4; lastKnownFileType = sourcecode.swift; name = PHPFrameworkVariableFunctions.swift; path = PHPFramework/PHPFrameworkVariableFunctions.swift; sourceTree = "<group>"; };
		6E3FF2481C837A7F00623778 /* md5.swift */ = {isa = PBXFileReference; fileEncoding = 4; lastKnownFileType = sourcecode.swift; name = md5.swift; path = PHPFramework/Specials/md5.swift; sourceTree = "<group>"; };
		6E413B8F1C4C27BC003C7951 /* PHPFrameworkPHPConstants.swift */ = {isa = PBXFileReference; fileEncoding = 4; lastKnownFileType = sourcecode.swift; name = PHPFrameworkPHPConstants.swift; path = PHPFramework/PHPFrameworkPHPConstants.swift; sourceTree = "<group>"; };
		6E41BD5B1C6F84D40092075A /* PHPFrameworkCreditsTests.swift */ = {isa = PBXFileReference; fileEncoding = 4; lastKnownFileType = sourcecode.swift; path = PHPFrameworkCreditsTests.swift; sourceTree = "<group>"; };
		6E41BD5D1C6F870D0092075A /* PHPFrameworkDirectoryTests.swift */ = {isa = PBXFileReference; fileEncoding = 4; lastKnownFileType = sourcecode.swift; path = PHPFrameworkDirectoryTests.swift; sourceTree = "<group>"; };
		6E41BD601C6F88BE0092075A /* PHPFrameworkPHPBaseTests.swift */ = {isa = PBXFileReference; fileEncoding = 4; lastKnownFileType = sourcecode.swift; path = PHPFrameworkPHPBaseTests.swift; sourceTree = "<group>"; };
		6E41BD621C6F966A0092075A /* PHPFrameworkStringFunctionsTests.swift */ = {isa = PBXFileReference; fileEncoding = 4; lastKnownFileType = sourcecode.swift; path = PHPFrameworkStringFunctionsTests.swift; sourceTree = "<group>"; };
		6E5BD2BA1C84C83700EA55AF /* PHPFrameworkSwiftIntExtensions.swift */ = {isa = PBXFileReference; fileEncoding = 4; lastKnownFileType = sourcecode.swift; name = PHPFrameworkSwiftIntExtensions.swift; path = PHPFramework/PHPFrameworkSwiftIntExtensions.swift; sourceTree = "<group>"; };
		6E611B141C4EE6A00053CAFF /* phpswift.png */ = {isa = PBXFileReference; lastKnownFileType = image.png; name = phpswift.png; path = PHPFramework/Assets/phpswift.png; sourceTree = "<group>"; };
		6E611B171C4EE8810053CAFF /* PHPFrameworkPHPConstantsDictionary.swift */ = {isa = PBXFileReference; fileEncoding = 4; lastKnownFileType = sourcecode.swift; name = PHPFrameworkPHPConstantsDictionary.swift; path = PHPFramework/PHPFrameworkPHPConstantsDictionary.swift; sourceTree = "<group>"; };
		6E7DE67D1C498A6B002574EA /* PHPFramework.framework */ = {isa = PBXFileReference; explicitFileType = wrapper.framework; includeInIndex = 0; path = PHPFramework.framework; sourceTree = BUILT_PRODUCTS_DIR; };
		6E7DE6801C498A6B002574EA /* PHPFramework.h */ = {isa = PBXFileReference; lastKnownFileType = sourcecode.c.h; path = PHPFramework.h; sourceTree = "<group>"; };
		6E7DE6821C498A6B002574EA /* Info.plist */ = {isa = PBXFileReference; lastKnownFileType = text.plist.xml; path = Info.plist; sourceTree = "<group>"; };
		6E7DE6871C498A6B002574EA /* PHPFrameworkTests-iOS.xctest */ = {isa = PBXFileReference; explicitFileType = wrapper.cfbundle; includeInIndex = 0; path = "PHPFrameworkTests-iOS.xctest"; sourceTree = BUILT_PRODUCTS_DIR; };
		6E7DE68C1C498A6B002574EA /* PHPFrameworkTests.swift */ = {isa = PBXFileReference; lastKnownFileType = sourcecode.swift; path = PHPFrameworkTests.swift; sourceTree = "<group>"; };
		6E7DE68E1C498A6B002574EA /* Info.plist */ = {isa = PBXFileReference; lastKnownFileType = text.plist.xml; path = Info.plist; sourceTree = "<group>"; };
		6E7DE6971C498A7A002574EA /* PHPFramework.swift */ = {isa = PBXFileReference; fileEncoding = 4; lastKnownFileType = sourcecode.swift; name = PHPFramework.swift; path = PHPFramework/PHPFramework.swift; sourceTree = "<group>"; };
		6E91AD6E1C9E0CA7006BF544 /* SHA1.swift */ = {isa = PBXFileReference; fileEncoding = 4; lastKnownFileType = sourcecode.swift; name = SHA1.swift; path = PHPFramework/Specials/SHA1.swift; sourceTree = "<group>"; };
		6E9B75291C76467B0013200F /* ROT13.swift */ = {isa = PBXFileReference; fileEncoding = 4; lastKnownFileType = sourcecode.swift; name = ROT13.swift; path = PHPFramework/Specials/ROT13.swift; sourceTree = "<group>"; };
		6E9B75371C764DD80013200F /* PHPFrameworkSwiftArrayExtensions.swift */ = {isa = PBXFileReference; fileEncoding = 4; lastKnownFileType = sourcecode.swift; name = PHPFrameworkSwiftArrayExtensions.swift; path = PHPFramework/Specials/PHPFrameworkSwiftArrayExtensions.swift; sourceTree = "<group>"; };
		6EC81D771C870BC100FA57D5 /* uucoding.swift */ = {isa = PBXFileReference; fileEncoding = 4; lastKnownFileType = sourcecode.swift; name = uucoding.swift; path = PHPFramework/Specials/uucoding.swift; sourceTree = "<group>"; };
		6EC81D7E1C87100900FA57D5 /* SwiftGetHumanType.swift */ = {isa = PBXFileReference; fileEncoding = 4; lastKnownFileType = sourcecode.swift; name = SwiftGetHumanType.swift; path = PHPFramework/Specials/SwiftGetHumanType.swift; sourceTree = "<group>"; };
		6EC81D821C87126800FA57D5 /* File.swift */ = {isa = PBXFileReference; fileEncoding = 4; lastKnownFileType = sourcecode.swift; name = File.swift; path = Specials/File.swift; sourceTree = "<group>"; };
		6EDC23D91C7CFC34005977FE /* PHPFrameworkFileSystem.swift */ = {isa = PBXFileReference; fileEncoding = 4; lastKnownFileType = sourcecode.swift; path = PHPFrameworkFileSystem.swift; sourceTree = "<group>"; };
		6EE823C11C4C2AF2003F7361 /* PHPFrameworkSwiftStringExtensions.swift */ = {isa = PBXFileReference; fileEncoding = 4; lastKnownFileType = sourcecode.swift; name = PHPFrameworkSwiftStringExtensions.swift; path = PHPFramework/PHPFrameworkSwiftStringExtensions.swift; sourceTree = "<group>"; };
		6EE8F8611C73C9A300DD357A /* levenshtein.swift */ = {isa = PBXFileReference; fileEncoding = 4; lastKnownFileType = sourcecode.swift; name = levenshtein.swift; path = PHPFramework/Specials/levenshtein.swift; sourceTree = "<group>"; };
/* End PBXFileReference section */

/* Begin PBXFrameworksBuildPhase section */
		6E7DE6791C498A6B002574EA /* Frameworks */ = {
			isa = PBXFrameworksBuildPhase;
			buildActionMask = 2147483647;
			files = (
			);
			runOnlyForDeploymentPostprocessing = 0;
		};
		6E7DE6841C498A6B002574EA /* Frameworks */ = {
			isa = PBXFrameworksBuildPhase;
			buildActionMask = 2147483647;
			files = (
				6E7DE6881C498A6B002574EA /* PHPFramework.framework in Frameworks */,
			);
			runOnlyForDeploymentPostprocessing = 0;
		};
/* End PBXFrameworksBuildPhase section */

/* Begin PBXGroup section */
		6E3469141C51723E000A526B /* Specials */ = {
			isa = PBXGroup;
			children = (
				6E3469151C517257000A526B /* crc32.swift */,
				6EE8F8611C73C9A300DD357A /* levenshtein.swift */,
				6E9B75291C76467B0013200F /* ROT13.swift */,
				6EE823C11C4C2AF2003F7361 /* PHPFrameworkSwiftStringExtensions.swift */,
				6E9B75371C764DD80013200F /* PHPFrameworkSwiftArrayExtensions.swift */,
				6E5BD2BA1C84C83700EA55AF /* PHPFrameworkSwiftIntExtensions.swift */,
				6E3FF2481C837A7F00623778 /* md5.swift */,
				6EC81D771C870BC100FA57D5 /* uucoding.swift */,
				6EC81D7E1C87100900FA57D5 /* SwiftGetHumanType.swift */,
				6E91AD6E1C9E0CA7006BF544 /* SHA1.swift */,
			);
			name = Specials;
			sourceTree = "<group>";
		};
		6E7DE6731C498A6B002574EA = {
			isa = PBXGroup;
			children = (
				6E7DE6991C498A8F002574EA /* PHPFramework files */,
				6E7DE67F1C498A6B002574EA /* PHPFramework iOS */,
				6E7DE68B1C498A6B002574EA /* PHPFrameworkTests iOS */,
				6E7DE67E1C498A6B002574EA /* Products */,
			);
			sourceTree = "<group>";
		};
		6E7DE67E1C498A6B002574EA /* Products */ = {
			isa = PBXGroup;
			children = (
				6E7DE67D1C498A6B002574EA /* PHPFramework.framework */,
				6E7DE6871C498A6B002574EA /* PHPFrameworkTests-iOS.xctest */,
			);
			name = Products;
			sourceTree = "<group>";
		};
		6E7DE67F1C498A6B002574EA /* PHPFramework iOS */ = {
			isa = PBXGroup;
			children = (
				6E7DE6801C498A6B002574EA /* PHPFramework.h */,
				6E7DE6821C498A6B002574EA /* Info.plist */,
			);
			name = "PHPFramework iOS";
			path = PHPFramework;
			sourceTree = "<group>";
		};
		6E7DE68B1C498A6B002574EA /* PHPFrameworkTests iOS */ = {
			isa = PBXGroup;
			children = (
				6EC81D811C87125000FA57D5 /* Specials */,
				6E7DE68C1C498A6B002574EA /* PHPFrameworkTests.swift */,
				6E41BD5B1C6F84D40092075A /* PHPFrameworkCreditsTests.swift */,
				6E41BD5D1C6F870D0092075A /* PHPFrameworkDirectoryTests.swift */,
				6EDC23D91C7CFC34005977FE /* PHPFrameworkFileSystem.swift */,
				6E41BD601C6F88BE0092075A /* PHPFrameworkPHPBaseTests.swift */,
				6E41BD621C6F966A0092075A /* PHPFrameworkStringFunctionsTests.swift */,
				6E7DE68E1C498A6B002574EA /* Info.plist */,
			);
			name = "PHPFrameworkTests iOS";
			path = PHPFrameworkTests;
			sourceTree = "<group>";
		};
		6E7DE6991C498A8F002574EA /* PHPFramework files */ = {
			isa = PBXGroup;
			children = (
				6E3469141C51723E000A526B /* Specials */,
				6E611B141C4EE6A00053CAFF /* phpswift.png */,
				6E7DE6971C498A7A002574EA /* PHPFramework.swift */,
				6E0D4FB81C49A3B5005C64E7 /* PHPFrameworkCredits.swift */,
				6E3056411C556514002E1115 /* PHPFrameworkDirectory.swift */,
				6E0D4FB61C499E88005C64E7 /* PHPFrameworkPHPBase.swift */,
				6E3469181C518081000A526B /* PHPFrameworkArrayFunctions.swift */,
				6E34691B1C5182FE000A526B /* PHPFrameworkVariableFunctions.swift */,
				6E3056441C556640002E1115 /* PHPFrameworkFileSystem.swift */,
				6E413B8F1C4C27BC003C7951 /* PHPFrameworkPHPConstants.swift */,
				6E611B171C4EE8810053CAFF /* PHPFrameworkPHPConstantsDictionary.swift */,
				6E30563E1C5563AF002E1115 /* PHPFrameworkDateTime.swift */,
				6E0D4FB41C4999BD005C64E7 /* PHPFrameworkStringFunctions.swift */,
			);
			name = "PHPFramework files";
			sourceTree = "<group>";
		};
		6EC81D811C87125000FA57D5 /* Specials */ = {
			isa = PBXGroup;
			children = (
				6EC81D821C87126800FA57D5 /* File.swift */,
			);
			name = Specials;
			sourceTree = "<group>";
		};
/* End PBXGroup section */

/* Begin PBXHeadersBuildPhase section */
		6E7DE67A1C498A6B002574EA /* Headers */ = {
			isa = PBXHeadersBuildPhase;
			buildActionMask = 2147483647;
			files = (
				6E7DE6811C498A6B002574EA /* PHPFramework.h in Headers */,
			);
			runOnlyForDeploymentPostprocessing = 0;
		};
/* End PBXHeadersBuildPhase section */

/* Begin PBXNativeTarget section */
		6E7DE67C1C498A6B002574EA /* PHPFramework-iOS */ = {
			isa = PBXNativeTarget;
			buildConfigurationList = 6E7DE6911C498A6B002574EA /* Build configuration list for PBXNativeTarget "PHPFramework-iOS" */;
			buildPhases = (
				6E7DE6781C498A6B002574EA /* Sources */,
				6E7DE6791C498A6B002574EA /* Frameworks */,
				6E7DE67A1C498A6B002574EA /* Headers */,
				6E7DE67B1C498A6B002574EA /* Resources */,
			);
			buildRules = (
			);
			dependencies = (
			);
			name = "PHPFramework-iOS";
			productName = PHPFramework;
			productReference = 6E7DE67D1C498A6B002574EA /* PHPFramework.framework */;
			productType = "com.apple.product-type.framework";
		};
		6E7DE6861C498A6B002574EA /* PHPFrameworkTests-iOS */ = {
			isa = PBXNativeTarget;
			buildConfigurationList = 6E7DE6941C498A6B002574EA /* Build configuration list for PBXNativeTarget "PHPFrameworkTests-iOS" */;
			buildPhases = (
				6E7DE6831C498A6B002574EA /* Sources */,
				6E7DE6841C498A6B002574EA /* Frameworks */,
				6E7DE6851C498A6B002574EA /* Resources */,
			);
			buildRules = (
			);
			dependencies = (
				6E7DE68A1C498A6B002574EA /* PBXTargetDependency */,
			);
			name = "PHPFrameworkTests-iOS";
			productName = PHPFrameworkTests;
			productReference = 6E7DE6871C498A6B002574EA /* PHPFrameworkTests-iOS.xctest */;
			productType = "com.apple.product-type.bundle.unit-test";
		};
/* End PBXNativeTarget section */

/* Begin PBXProject section */
		6E7DE6741C498A6B002574EA /* Project object */ = {
			isa = PBXProject;
			attributes = {
				LastSwiftUpdateCheck = 0720;
				LastUpgradeCheck = 0720;
				ORGANIZATIONNAME = WDGWV;
				TargetAttributes = {
					6E7DE67C1C498A6B002574EA = {
						CreatedOnToolsVersion = 7.2;
					};
					6E7DE6861C498A6B002574EA = {
						CreatedOnToolsVersion = 7.2;
					};
				};
			};
			buildConfigurationList = 6E7DE6771C498A6B002574EA /* Build configuration list for PBXProject "PHPFramework" */;
			compatibilityVersion = "Xcode 3.2";
			developmentRegion = English;
			hasScannedForEncodings = 0;
			knownRegions = (
				en,
			);
			mainGroup = 6E7DE6731C498A6B002574EA;
			productRefGroup = 6E7DE67E1C498A6B002574EA /* Products */;
			projectDirPath = "";
			projectRoot = "";
			targets = (
				6E7DE67C1C498A6B002574EA /* PHPFramework-iOS */,
				6E7DE6861C498A6B002574EA /* PHPFrameworkTests-iOS */,
			);
		};
/* End PBXProject section */

/* Begin PBXResourcesBuildPhase section */
		6E7DE67B1C498A6B002574EA /* Resources */ = {
			isa = PBXResourcesBuildPhase;
			buildActionMask = 2147483647;
			files = (
				6E611B151C4EE6A00053CAFF /* phpswift.png in Resources */,
			);
			runOnlyForDeploymentPostprocessing = 0;
		};
		6E7DE6851C498A6B002574EA /* Resources */ = {
			isa = PBXResourcesBuildPhase;
			buildActionMask = 2147483647;
			files = (
				6E611B161C4EE6A00053CAFF /* phpswift.png in Resources */,
			);
			runOnlyForDeploymentPostprocessing = 0;
		};
/* End PBXResourcesBuildPhase section */

/* Begin PBXSourcesBuildPhase section */
		6E7DE6781C498A6B002574EA /* Sources */ = {
			isa = PBXSourcesBuildPhase;
			buildActionMask = 2147483647;
			files = (
				6E611B181C4EE8810053CAFF /* PHPFrameworkPHPConstantsDictionary.swift in Sources */,
				6E0D4FB91C49A3B5005C64E7 /* PHPFrameworkCredits.swift in Sources */,
				6E413B901C4C27BC003C7951 /* PHPFrameworkPHPConstants.swift in Sources */,
				6E9B75381C764DD80013200F /* PHPFrameworkSwiftArrayExtensions.swift in Sources */,
				6E34691C1C5182FE000A526B /* PHPFrameworkVariableFunctions.swift in Sources */,
				6E3469191C518081000A526B /* PHPFrameworkArrayFunctions.swift in Sources */,
				6EC81D7F1C87100900FA57D5 /* SwiftGetHumanType.swift in Sources */,
				6E3469161C517257000A526B /* crc32.swift in Sources */,
				6E3056451C556640002E1115 /* PHPFrameworkFileSystem.swift in Sources */,
				6EE8F8621C73C9A300DD357A /* levenshtein.swift in Sources */,
				6E5BD2BB1C84C83700EA55AF /* PHPFrameworkSwiftIntExtensions.swift in Sources */,
				6E91AD6F1C9E0CA7006BF544 /* SHA1.swift in Sources */,
				6E9B752A1C76467B0013200F /* ROT13.swift in Sources */,
				6E3FF2491C837A7F00623778 /* md5.swift in Sources */,
				6EE823C21C4C2AF2003F7361 /* PHPFrameworkSwiftStringExtensions.swift in Sources */,
				6E0D4FB51C4999BD005C64E7 /* PHPFrameworkStringFunctions.swift in Sources */,
				6E0D4FB71C499E88005C64E7 /* PHPFrameworkPHPBase.swift in Sources */,
				6E3056421C556514002E1115 /* PHPFrameworkDirectory.swift in Sources */,
				6EC81D781C870BC100FA57D5 /* uucoding.swift in Sources */,
				6E7DE6981C498A7A002574EA /* PHPFramework.swift in Sources */,
				6E30563F1C5563AF002E1115 /* PHPFrameworkDateTime.swift in Sources */,
			);
			runOnlyForDeploymentPostprocessing = 0;
		};
		6E7DE6831C498A6B002574EA /* Sources */ = {
			isa = PBXSourcesBuildPhase;
			buildActionMask = 2147483647;
			files = (
				6E41BD5C1C6F84D40092075A /* PHPFrameworkCreditsTests.swift in Sources */,
				6E7DE68D1C498A6B002574EA /* PHPFrameworkTests.swift in Sources */,
				6EDC23DA1C7CFC34005977FE /* PHPFrameworkFileSystem.swift in Sources */,
				6E9B75391C764DD80013200F /* PHPFrameworkSwiftArrayExtensions.swift in Sources */,
				6E41BD631C6F966A0092075A /* PHPFrameworkStringFunctionsTests.swift in Sources */,
				6EC81D831C87126800FA57D5 /* File.swift in Sources */,
				6E41BD5F1C6F870D0092075A /* PHPFrameworkDirectoryTests.swift in Sources */,
				6E41BD611C6F88BE0092075A /* PHPFrameworkPHPBaseTests.swift in Sources */,
				6EC81D801C87100900FA57D5 /* SwiftGetHumanType.swift in Sources */,
				6E3469171C517257000A526B /* crc32.swift in Sources */,
			);
			runOnlyForDeploymentPostprocessing = 0;
		};
/* End PBXSourcesBuildPhase section */

/* Begin PBXTargetDependency section */
		6E7DE68A1C498A6B002574EA /* PBXTargetDependency */ = {
			isa = PBXTargetDependency;
			target = 6E7DE67C1C498A6B002574EA /* PHPFramework-iOS */;
			targetProxy = 6E7DE6891C498A6B002574EA /* PBXContainerItemProxy */;
		};
/* End PBXTargetDependency section */

/* Begin XCBuildConfiguration section */
		6E7DE68F1C498A6B002574EA /* Debug */ = {
			isa = XCBuildConfiguration;
			buildSettings = {
				ALWAYS_SEARCH_USER_PATHS = NO;
				CLANG_CXX_LANGUAGE_STANDARD = "gnu++0x";
				CLANG_CXX_LIBRARY = "libc++";
				CLANG_ENABLE_MODULES = YES;
				CLANG_ENABLE_OBJC_ARC = YES;
				CLANG_WARN_BOOL_CONVERSION = YES;
				CLANG_WARN_CONSTANT_CONVERSION = YES;
				CLANG_WARN_DIRECT_OBJC_ISA_USAGE = YES_ERROR;
				CLANG_WARN_EMPTY_BODY = YES;
				CLANG_WARN_ENUM_CONVERSION = YES;
				CLANG_WARN_INT_CONVERSION = YES;
				CLANG_WARN_OBJC_ROOT_CLASS = YES_ERROR;
				CLANG_WARN_UNREACHABLE_CODE = YES;
				CLANG_WARN__DUPLICATE_METHOD_MATCH = YES;
				"CODE_SIGN_IDENTITY[sdk=iphoneos*]" = "iPhone Developer";
				COPY_PHASE_STRIP = NO;
				CURRENT_PROJECT_VERSION = 2016.03.20;
				DEBUG_INFORMATION_FORMAT = dwarf;
				ENABLE_STRICT_OBJC_MSGSEND = YES;
				ENABLE_TESTABILITY = YES;
				GCC_C_LANGUAGE_STANDARD = gnu99;
				GCC_DYNAMIC_NO_PIC = NO;
				GCC_NO_COMMON_BLOCKS = YES;
				GCC_OPTIMIZATION_LEVEL = 0;
				GCC_PREPROCESSOR_DEFINITIONS = (
					"DEBUG=1",
					"$(inherited)",
				);
				GCC_WARN_64_TO_32_BIT_CONVERSION = YES;
				GCC_WARN_ABOUT_RETURN_TYPE = YES_ERROR;
				GCC_WARN_UNDECLARED_SELECTOR = YES;
				GCC_WARN_UNINITIALIZED_AUTOS = YES_AGGRESSIVE;
				GCC_WARN_UNUSED_FUNCTION = YES;
				GCC_WARN_UNUSED_VARIABLE = YES;
				IPHONEOS_DEPLOYMENT_TARGET = 9.2;
				MTL_ENABLE_DEBUG_INFO = YES;
				ONLY_ACTIVE_ARCH = YES;
				SDKROOT = iphoneos;
				SWIFT_OPTIMIZATION_LEVEL = "-Onone";
				TARGETED_DEVICE_FAMILY = "1,2";
				VERSIONING_SYSTEM = "apple-generic";
				VERSION_INFO_PREFIX = "";
			};
			name = Debug;
		};
		6E7DE6901C498A6B002574EA /* Release */ = {
			isa = XCBuildConfiguration;
			buildSettings = {
				ALWAYS_SEARCH_USER_PATHS = NO;
				CLANG_CXX_LANGUAGE_STANDARD = "gnu++0x";
				CLANG_CXX_LIBRARY = "libc++";
				CLANG_ENABLE_MODULES = YES;
				CLANG_ENABLE_OBJC_ARC = YES;
				CLANG_WARN_BOOL_CONVERSION = YES;
				CLANG_WARN_CONSTANT_CONVERSION = YES;
				CLANG_WARN_DIRECT_OBJC_ISA_USAGE = YES_ERROR;
				CLANG_WARN_EMPTY_BODY = YES;
				CLANG_WARN_ENUM_CONVERSION = YES;
				CLANG_WARN_INT_CONVERSION = YES;
				CLANG_WARN_OBJC_ROOT_CLASS = YES_ERROR;
				CLANG_WARN_UNREACHABLE_CODE = YES;
				CLANG_WARN__DUPLICATE_METHOD_MATCH = YES;
				"CODE_SIGN_IDENTITY[sdk=iphoneos*]" = "iPhone Developer";
				COPY_PHASE_STRIP = NO;
				CURRENT_PROJECT_VERSION = 2016.03.20;
				DEBUG_INFORMATION_FORMAT = "dwarf-with-dsym";
				ENABLE_NS_ASSERTIONS = NO;
				ENABLE_STRICT_OBJC_MSGSEND = YES;
				GCC_C_LANGUAGE_STANDARD = gnu99;
				GCC_NO_COMMON_BLOCKS = YES;
				GCC_WARN_64_TO_32_BIT_CONVERSION = YES;
				GCC_WARN_ABOUT_RETURN_TYPE = YES_ERROR;
				GCC_WARN_UNDECLARED_SELECTOR = YES;
				GCC_WARN_UNINITIALIZED_AUTOS = YES_AGGRESSIVE;
				GCC_WARN_UNUSED_FUNCTION = YES;
				GCC_WARN_UNUSED_VARIABLE = YES;
				IPHONEOS_DEPLOYMENT_TARGET = 9.2;
				MTL_ENABLE_DEBUG_INFO = NO;
				SDKROOT = iphoneos;
				TARGETED_DEVICE_FAMILY = "1,2";
				VALIDATE_PRODUCT = YES;
				VERSIONING_SYSTEM = "apple-generic";
				VERSION_INFO_PREFIX = "";
			};
			name = Release;
		};
		6E7DE6921C498A6B002574EA /* Debug */ = {
			isa = XCBuildConfiguration;
			buildSettings = {
				CLANG_ENABLE_MODULES = YES;
				DEFINES_MODULE = YES;
				DYLIB_COMPATIBILITY_VERSION = 1;
				DYLIB_CURRENT_VERSION = 2016.03.20;
				DYLIB_INSTALL_NAME_BASE = "@rpath";
				INFOPLIST_FILE = PHPFramework/Info.plist;
				INSTALL_PATH = "$(LOCAL_LIBRARY_DIR)/Frameworks";
				LD_RUNPATH_SEARCH_PATHS = "$(inherited) @executable_path/Frameworks @loader_path/Frameworks";
				PRODUCT_BUNDLE_IDENTIFIER = com.wdgwv.PHPFramework;
				PRODUCT_NAME = PHPFramework;
				SKIP_INSTALL = YES;
				SWIFT_INCLUDE_PATHS = "\"$(SRCROOT)/PHPFramework/CommonCrypto\"";
				SWIFT_OPTIMIZATION_LEVEL = "-Onone";
			};
			name = Debug;
		};
		6E7DE6931C498A6B002574EA /* Release */ = {
			isa = XCBuildConfiguration;
			buildSettings = {
				CLANG_ENABLE_MODULES = YES;
				DEFINES_MODULE = YES;
				DYLIB_COMPATIBILITY_VERSION = 1;
				DYLIB_CURRENT_VERSION = 2016.03.20;
				DYLIB_INSTALL_NAME_BASE = "@rpath";
				INFOPLIST_FILE = PHPFramework/Info.plist;
				INSTALL_PATH = "$(LOCAL_LIBRARY_DIR)/Frameworks";
				LD_RUNPATH_SEARCH_PATHS = "$(inherited) @executable_path/Frameworks @loader_path/Frameworks";
				PRODUCT_BUNDLE_IDENTIFIER = com.wdgwv.PHPFramework;
				PRODUCT_NAME = PHPFramework;
				SKIP_INSTALL = YES;
				SWIFT_INCLUDE_PATHS = "\"$(SRCROOT)/PHPFramework/CommonCrypto\"";
			};
			name = Release;
		};
		6E7DE6951C498A6B002574EA /* Debug */ = {
			isa = XCBuildConfiguration;
			buildSettings = {
				INFOPLIST_FILE = PHPFrameworkTests/Info.plist;
				LD_RUNPATH_SEARCH_PATHS = "$(inherited) @executable_path/Frameworks @loader_path/Frameworks";
				PRODUCT_BUNDLE_IDENTIFIER = com.wdgwv.PHPFrameworkTests;
				PRODUCT_NAME = "$(TARGET_NAME)";
			};
			name = Debug;
		};
		6E7DE6961C498A6B002574EA /* Release */ = {
			isa = XCBuildConfiguration;
			buildSettings = {
				INFOPLIST_FILE = PHPFrameworkTests/Info.plist;
				LD_RUNPATH_SEARCH_PATHS = "$(inherited) @executable_path/Frameworks @loader_path/Frameworks";
				PRODUCT_BUNDLE_IDENTIFIER = com.wdgwv.PHPFrameworkTests;
				PRODUCT_NAME = "$(TARGET_NAME)";
			};
			name = Release;
		};
/* End XCBuildConfiguration section */

/* Begin XCConfigurationList section */
		6E7DE6771C498A6B002574EA /* Build configuration list for PBXProject "PHPFramework" */ = {
			isa = XCConfigurationList;
			buildConfigurations = (
				6E7DE68F1C498A6B002574EA /* Debug */,
				6E7DE6901C498A6B002574EA /* Release */,
			);
			defaultConfigurationIsVisible = 0;
			defaultConfigurationName = Release;
		};
		6E7DE6911C498A6B002574EA /* Build configuration list for PBXNativeTarget "PHPFramework-iOS" */ = {
			isa = XCConfigurationList;
			buildConfigurations = (
				6E7DE6921C498A6B002574EA /* Debug */,
				6E7DE6931C498A6B002574EA /* Release */,
			);
			defaultConfigurationIsVisible = 0;
			defaultConfigurationName = Release;
		};
		6E7DE6941C498A6B002574EA /* Build configuration list for PBXNativeTarget "PHPFrameworkTests-iOS" */ = {
			isa = XCConfigurationList;
			buildConfigurations = (
				6E7DE6951C498A6B002574EA /* Debug */,
				6E7DE6961C498A6B002574EA /* Release */,
			);
			defaultConfigurationIsVisible = 0;
			defaultConfigurationName = Release;
		};
/* End XCConfigurationList section */
	};
	rootObject = 6E7DE6741C498A6B002574EA /* Project object */;
}
